
Microsoft Visual Studio Solution File, Format Version 12.00
Project("{F2A71F9B-5D33-465A-A702-920D77279786}") = "PetProject.Application", "PetProject.Application\PetProject.Application.fsproj", "{108090E1-23D1-4EBA-BAFC-C1F3AB6E97BF}"
EndProject
Project("{FAE04EC0-301F-11D3-BF4B-00C04F79EFBC}") = "PetProject.Application.Tests.Csharp", "PetProject.Application.Tests.Csharp\PetProject.Application.Tests.Csharp.csproj", "{DF31C85A-EA5D-47F0-A09E-A05060B13532}"
EndProject
Global
	GlobalSection(SolutionConfigurationPlatforms) = preSolution
		Debug|Any CPU = Debug|Any CPU
		Release|Any CPU = Release|Any CPU
	EndGlobalSection
	GlobalSection(ProjectConfigurationPlatforms) = postSolution
		{108090E1-23D1-4EBA-BAFC-C1F3AB6E97BF}.Debug|Any CPU.ActiveCfg = Debug|Any CPU
		{108090E1-23D1-4EBA-BAFC-C1F3AB6E97BF}.Debug|Any CPU.Build.0 = Debug|Any CPU
		{108090E1-23D1-4EBA-BAFC-C1F3AB6E97BF}.Release|Any CPU.ActiveCfg = Release|Any CPU
		{108090E1-23D1-4EBA-BAFC-C1F3AB6E97BF}.Release|Any CPU.Build.0 = Release|Any CPU
		{DF31C85A-EA5D-47F0-A09E-A05060B13532}.Debug|Any CPU.ActiveCfg = Debug|Any CPU
		{DF31C85A-EA5D-47F0-A09E-A05060B13532}.Debug|Any CPU.Build.0 = Debug|Any CPU
		{DF31C85A-EA5D-47F0-A09E-A05060B13532}.Release|Any CPU.ActiveCfg = Release|Any CPU
		{DF31C85A-EA5D-47F0-A09E-A05060B13532}.Release|Any CPU.Build.0 = Release|Any CPU
	EndGlobalSection
EndGlobal
